// !$*UTF8*$!
{
	archiveVersion = 1;
	classes = {
	};
	objectVersion = 50;
	objects = {

/* Begin PBXBuildFile section */
		221B71A7E65CF8C7E7F6F3CA /* Pods_treehacks_WatchKit_Extension.framework in Frameworks */ = {isa = PBXBuildFile; fileRef = 2844C449D23DBC4D2CC9FA62 /* Pods_treehacks_WatchKit_Extension.framework */; };
		6F12ADF1D9E4416411929500 /* Pods_treehacksTests.framework in Frameworks */ = {isa = PBXBuildFile; fileRef = 36B6B33FE0E9A7265FD432D0 /* Pods_treehacksTests.framework */; };
		6F8AB729B0052951A9EF8822 /* Pods_treehacks_treehacks_WatchKit_AppUITests.framework in Frameworks */ = {isa = PBXBuildFile; fileRef = 0AF48D76018FFB919D4A24BE /* Pods_treehacks_treehacks_WatchKit_AppUITests.framework */; };
		77084917CD05139464CC7840 /* Pods_treehacks_WatchKit_App.framework in Frameworks */ = {isa = PBXBuildFile; fileRef = 081259018DBA225852532A6E /* Pods_treehacks_WatchKit_App.framework */; };
		B44A442B9ADDBD11CCD8C2BB /* Pods_treehacks_treehacksUITests.framework in Frameworks */ = {isa = PBXBuildFile; fileRef = F12AEE7C98BAE14D173075A2 /* Pods_treehacks_treehacksUITests.framework */; };
		C2D3179E25D8C18700355B39 /* GoogleService-Info.plist in Resources */ = {isa = PBXBuildFile; fileRef = C2D3179D25D8C18700355B39 /* GoogleService-Info.plist */; };
		C2F378F725D8525900A0D22A /* treehacksApp.swift in Sources */ = {isa = PBXBuildFile; fileRef = C2F378F625D8525900A0D22A /* treehacksApp.swift */; };
		C2F378F925D8525900A0D22A /* ContentView.swift in Sources */ = {isa = PBXBuildFile; fileRef = C2F378F825D8525900A0D22A /* ContentView.swift */; };
		C2F378FB25D8525C00A0D22A /* Assets.xcassets in Resources */ = {isa = PBXBuildFile; fileRef = C2F378FA25D8525C00A0D22A /* Assets.xcassets */; };
		C2F378FE25D8525C00A0D22A /* Preview Assets.xcassets in Resources */ = {isa = PBXBuildFile; fileRef = C2F378FD25D8525C00A0D22A /* Preview Assets.xcassets */; };
		C2F3790925D8525C00A0D22A /* treehacksTests.swift in Sources */ = {isa = PBXBuildFile; fileRef = C2F3790825D8525C00A0D22A /* treehacksTests.swift */; };
		C2F3791425D8525C00A0D22A /* treehacksUITests.swift in Sources */ = {isa = PBXBuildFile; fileRef = C2F3791325D8525C00A0D22A /* treehacksUITests.swift */; };
		C2F3791925D8525C00A0D22A /* treehacks WatchKit App.app in Embed Watch Content */ = {isa = PBXBuildFile; fileRef = C2F3791825D8525C00A0D22A /* treehacks WatchKit App.app */; settings = {ATTRIBUTES = (RemoveHeadersOnCopy, ); }; };
		C2F3791E25D8525E00A0D22A /* Assets.xcassets in Resources */ = {isa = PBXBuildFile; fileRef = C2F3791D25D8525E00A0D22A /* Assets.xcassets */; };
		C2F3792525D8525E00A0D22A /* treehacks WatchKit Extension.appex in Embed App Extensions */ = {isa = PBXBuildFile; fileRef = C2F3792425D8525E00A0D22A /* treehacks WatchKit Extension.appex */; settings = {ATTRIBUTES = (RemoveHeadersOnCopy, ); }; };
		C2F3792A25D8525E00A0D22A /* treehacksApp.swift in Sources */ = {isa = PBXBuildFile; fileRef = C2F3792925D8525E00A0D22A /* treehacksApp.swift */; };
		C2F3792C25D8525E00A0D22A /* ContentView.swift in Sources */ = {isa = PBXBuildFile; fileRef = C2F3792B25D8525E00A0D22A /* ContentView.swift */; };
		C2F3792E25D8525E00A0D22A /* NotificationController.swift in Sources */ = {isa = PBXBuildFile; fileRef = C2F3792D25D8525E00A0D22A /* NotificationController.swift */; };
		C2F3793025D8525E00A0D22A /* NotificationView.swift in Sources */ = {isa = PBXBuildFile; fileRef = C2F3792F25D8525E00A0D22A /* NotificationView.swift */; };
		C2F3793225D8525E00A0D22A /* ComplicationController.swift in Sources */ = {isa = PBXBuildFile; fileRef = C2F3793125D8525E00A0D22A /* ComplicationController.swift */; };
		C2F3793425D8525F00A0D22A /* Assets.xcassets in Resources */ = {isa = PBXBuildFile; fileRef = C2F3793325D8525F00A0D22A /* Assets.xcassets */; };
		C2F3793725D8525F00A0D22A /* Preview Assets.xcassets in Resources */ = {isa = PBXBuildFile; fileRef = C2F3793625D8525F00A0D22A /* Preview Assets.xcassets */; };
		C2F3794325D8525F00A0D22A /* treehacks_WatchKit_AppTests.swift in Sources */ = {isa = PBXBuildFile; fileRef = C2F3794225D8525F00A0D22A /* treehacks_WatchKit_AppTests.swift */; };
		C2F3794E25D8526000A0D22A /* treehacks_WatchKit_AppUITests.swift in Sources */ = {isa = PBXBuildFile; fileRef = C2F3794D25D8526000A0D22A /* treehacks_WatchKit_AppUITests.swift */; };
		C5B3E6D51080BC0CF7824B9F /* Pods_treehacks.framework in Frameworks */ = {isa = PBXBuildFile; fileRef = 87846E9CE5233C64EEEAA093 /* Pods_treehacks.framework */; };
		F01AAF46BD668846C644FCA8 /* Pods_treehacks_WatchKit_AppTests.framework in Frameworks */ = {isa = PBXBuildFile; fileRef = C63E44471DD9129057E783FA /* Pods_treehacks_WatchKit_AppTests.framework */; };
/* End PBXBuildFile section */

/* Begin PBXContainerItemProxy section */
		C2F3790525D8525C00A0D22A /* PBXContainerItemProxy */ = {
			isa = PBXContainerItemProxy;
			containerPortal = C2F378EB25D8525700A0D22A /* Project object */;
			proxyType = 1;
			remoteGlobalIDString = C2F378F225D8525900A0D22A;
			remoteInfo = treehacks;
		};
		C2F3791025D8525C00A0D22A /* PBXContainerItemProxy */ = {
			isa = PBXContainerItemProxy;
			containerPortal = C2F378EB25D8525700A0D22A /* Project object */;
			proxyType = 1;
			remoteGlobalIDString = C2F378F225D8525900A0D22A;
			remoteInfo = treehacks;
		};
		C2F3791A25D8525C00A0D22A /* PBXContainerItemProxy */ = {
			isa = PBXContainerItemProxy;
			containerPortal = C2F378EB25D8525700A0D22A /* Project object */;
			proxyType = 1;
			remoteGlobalIDString = C2F3791725D8525C00A0D22A;
			remoteInfo = "treehacks WatchKit App";
		};
		C2F3792625D8525E00A0D22A /* PBXContainerItemProxy */ = {
			isa = PBXContainerItemProxy;
			containerPortal = C2F378EB25D8525700A0D22A /* Project object */;
			proxyType = 1;
			remoteGlobalIDString = C2F3792325D8525E00A0D22A;
			remoteInfo = "treehacks WatchKit Extension";
		};
		C2F3793F25D8525F00A0D22A /* PBXContainerItemProxy */ = {
			isa = PBXContainerItemProxy;
			containerPortal = C2F378EB25D8525700A0D22A /* Project object */;
			proxyType = 1;
			remoteGlobalIDString = C2F3792325D8525E00A0D22A;
			remoteInfo = "treehacks WatchKit Extension";
		};
		C2F3794A25D8526000A0D22A /* PBXContainerItemProxy */ = {
			isa = PBXContainerItemProxy;
			containerPortal = C2F378EB25D8525700A0D22A /* Project object */;
			proxyType = 1;
			remoteGlobalIDString = C2F3791725D8525C00A0D22A;
			remoteInfo = "treehacks WatchKit App";
		};
/* End PBXContainerItemProxy section */

/* Begin PBXCopyFilesBuildPhase section */
		C2F3795525D8526000A0D22A /* Embed App Extensions */ = {
			isa = PBXCopyFilesBuildPhase;
			buildActionMask = 2147483647;
			dstPath = "";
			dstSubfolderSpec = 13;
			files = (
				C2F3792525D8525E00A0D22A /* treehacks WatchKit Extension.appex in Embed App Extensions */,
			);
			name = "Embed App Extensions";
			runOnlyForDeploymentPostprocessing = 0;
		};
		C2F3795925D8526000A0D22A /* Embed Watch Content */ = {
			isa = PBXCopyFilesBuildPhase;
			buildActionMask = 2147483647;
			dstPath = "$(CONTENTS_FOLDER_PATH)/Watch";
			dstSubfolderSpec = 16;
			files = (
				C2F3791925D8525C00A0D22A /* treehacks WatchKit App.app in Embed Watch Content */,
			);
			name = "Embed Watch Content";
			runOnlyForDeploymentPostprocessing = 0;
		};
/* End PBXCopyFilesBuildPhase section */

/* Begin PBXFileReference section */
		025184BEAA1C007C21E229FB /* Pods-treehacksTests.release.xcconfig */ = {isa = PBXFileReference; includeInIndex = 1; lastKnownFileType = text.xcconfig; name = "Pods-treehacksTests.release.xcconfig"; path = "Target Support Files/Pods-treehacksTests/Pods-treehacksTests.release.xcconfig"; sourceTree = "<group>"; };
		081259018DBA225852532A6E /* Pods_treehacks_WatchKit_App.framework */ = {isa = PBXFileReference; explicitFileType = wrapper.framework; includeInIndex = 0; path = Pods_treehacks_WatchKit_App.framework; sourceTree = BUILT_PRODUCTS_DIR; };
		0A22A1C089D723FB59B6CE41 /* Pods-treehacks.debug.xcconfig */ = {isa = PBXFileReference; includeInIndex = 1; lastKnownFileType = text.xcconfig; name = "Pods-treehacks.debug.xcconfig"; path = "Target Support Files/Pods-treehacks/Pods-treehacks.debug.xcconfig"; sourceTree = "<group>"; };
		0AF48D76018FFB919D4A24BE /* Pods_treehacks_treehacks_WatchKit_AppUITests.framework */ = {isa = PBXFileReference; explicitFileType = wrapper.framework; includeInIndex = 0; path = Pods_treehacks_treehacks_WatchKit_AppUITests.framework; sourceTree = BUILT_PRODUCTS_DIR; };
		2844C449D23DBC4D2CC9FA62 /* Pods_treehacks_WatchKit_Extension.framework */ = {isa = PBXFileReference; explicitFileType = wrapper.framework; includeInIndex = 0; path = Pods_treehacks_WatchKit_Extension.framework; sourceTree = BUILT_PRODUCTS_DIR; };
		298245C0DB7A683C11AA76B1 /* Pods-treehacks WatchKit AppTests.debug.xcconfig */ = {isa = PBXFileReference; includeInIndex = 1; lastKnownFileType = text.xcconfig; name = "Pods-treehacks WatchKit AppTests.debug.xcconfig"; path = "Target Support Files/Pods-treehacks WatchKit AppTests/Pods-treehacks WatchKit AppTests.debug.xcconfig"; sourceTree = "<group>"; };
		36B6B33FE0E9A7265FD432D0 /* Pods_treehacksTests.framework */ = {isa = PBXFileReference; explicitFileType = wrapper.framework; includeInIndex = 0; path = Pods_treehacksTests.framework; sourceTree = BUILT_PRODUCTS_DIR; };
		4B952736A086010B4DF1B5B4 /* Pods-treehacks WatchKit Extension.debug.xcconfig */ = {isa = PBXFileReference; includeInIndex = 1; lastKnownFileType = text.xcconfig; name = "Pods-treehacks WatchKit Extension.debug.xcconfig"; path = "Target Support Files/Pods-treehacks WatchKit Extension/Pods-treehacks WatchKit Extension.debug.xcconfig"; sourceTree = "<group>"; };
		4D4085456B8E331BCB038788 /* Pods-treehacks-treehacks WatchKit AppUITests.debug.xcconfig */ = {isa = PBXFileReference; includeInIndex = 1; lastKnownFileType = text.xcconfig; name = "Pods-treehacks-treehacks WatchKit AppUITests.debug.xcconfig"; path = "Target Support Files/Pods-treehacks-treehacks WatchKit AppUITests/Pods-treehacks-treehacks WatchKit AppUITests.debug.xcconfig"; sourceTree = "<group>"; };
		50F0E455577A9D2E5C8295B8 /* Pods-treehacks-treehacksUITests.release.xcconfig */ = {isa = PBXFileReference; includeInIndex = 1; lastKnownFileType = text.xcconfig; name = "Pods-treehacks-treehacksUITests.release.xcconfig"; path = "Target Support Files/Pods-treehacks-treehacksUITests/Pods-treehacks-treehacksUITests.release.xcconfig"; sourceTree = "<group>"; };
		62C75124B607C838F3EC035A /* Pods-treehacks-treehacksUITests.debug.xcconfig */ = {isa = PBXFileReference; includeInIndex = 1; lastKnownFileType = text.xcconfig; name = "Pods-treehacks-treehacksUITests.debug.xcconfig"; path = "Target Support Files/Pods-treehacks-treehacksUITests/Pods-treehacks-treehacksUITests.debug.xcconfig"; sourceTree = "<group>"; };
		80AF1008C1E154870CFC68BF /* Pods-treehacks.release.xcconfig */ = {isa = PBXFileReference; includeInIndex = 1; lastKnownFileType = text.xcconfig; name = "Pods-treehacks.release.xcconfig"; path = "Target Support Files/Pods-treehacks/Pods-treehacks.release.xcconfig"; sourceTree = "<group>"; };
		8430AF00884764750EC7B9F4 /* Pods-treehacks WatchKit AppTests.release.xcconfig */ = {isa = PBXFileReference; includeInIndex = 1; lastKnownFileType = text.xcconfig; name = "Pods-treehacks WatchKit AppTests.release.xcconfig"; path = "Target Support Files/Pods-treehacks WatchKit AppTests/Pods-treehacks WatchKit AppTests.release.xcconfig"; sourceTree = "<group>"; };
		8532672A68D13CCD4F5D8406 /* Pods-treehacks WatchKit App.release.xcconfig */ = {isa = PBXFileReference; includeInIndex = 1; lastKnownFileType = text.xcconfig; name = "Pods-treehacks WatchKit App.release.xcconfig"; path = "Target Support Files/Pods-treehacks WatchKit App/Pods-treehacks WatchKit App.release.xcconfig"; sourceTree = "<group>"; };
		87846E9CE5233C64EEEAA093 /* Pods_treehacks.framework */ = {isa = PBXFileReference; explicitFileType = wrapper.framework; includeInIndex = 0; path = Pods_treehacks.framework; sourceTree = BUILT_PRODUCTS_DIR; };
		B05238754F7DAB84BA765D4D /* Pods-treehacksTests.debug.xcconfig */ = {isa = PBXFileReference; includeInIndex = 1; lastKnownFileType = text.xcconfig; name = "Pods-treehacksTests.debug.xcconfig"; path = "Target Support Files/Pods-treehacksTests/Pods-treehacksTests.debug.xcconfig"; sourceTree = "<group>"; };
		C2D3179D25D8C18700355B39 /* GoogleService-Info.plist */ = {isa = PBXFileReference; fileEncoding = 4; lastKnownFileType = text.plist.xml; name = "GoogleService-Info.plist"; path = "../../../../../Downloads/GoogleService-Info.plist"; sourceTree = "<group>"; };
		C2F378F325D8525900A0D22A /* treehacks.app */ = {isa = PBXFileReference; explicitFileType = wrapper.application; includeInIndex = 0; path = treehacks.app; sourceTree = BUILT_PRODUCTS_DIR; };
		C2F378F625D8525900A0D22A /* treehacksApp.swift */ = {isa = PBXFileReference; lastKnownFileType = sourcecode.swift; path = treehacksApp.swift; sourceTree = "<group>"; };
		C2F378F825D8525900A0D22A /* ContentView.swift */ = {isa = PBXFileReference; lastKnownFileType = sourcecode.swift; path = ContentView.swift; sourceTree = "<group>"; };
		C2F378FA25D8525C00A0D22A /* Assets.xcassets */ = {isa = PBXFileReference; lastKnownFileType = folder.assetcatalog; path = Assets.xcassets; sourceTree = "<group>"; };
		C2F378FD25D8525C00A0D22A /* Preview Assets.xcassets */ = {isa = PBXFileReference; lastKnownFileType = folder.assetcatalog; path = "Preview Assets.xcassets"; sourceTree = "<group>"; };
		C2F378FF25D8525C00A0D22A /* Info.plist */ = {isa = PBXFileReference; lastKnownFileType = text.plist.xml; path = Info.plist; sourceTree = "<group>"; };
		C2F3790425D8525C00A0D22A /* treehacksTests.xctest */ = {isa = PBXFileReference; explicitFileType = wrapper.cfbundle; includeInIndex = 0; path = treehacksTests.xctest; sourceTree = BUILT_PRODUCTS_DIR; };
		C2F3790825D8525C00A0D22A /* treehacksTests.swift */ = {isa = PBXFileReference; lastKnownFileType = sourcecode.swift; path = treehacksTests.swift; sourceTree = "<group>"; };
		C2F3790A25D8525C00A0D22A /* Info.plist */ = {isa = PBXFileReference; lastKnownFileType = text.plist.xml; path = Info.plist; sourceTree = "<group>"; };
		C2F3790F25D8525C00A0D22A /* treehacksUITests.xctest */ = {isa = PBXFileReference; explicitFileType = wrapper.cfbundle; includeInIndex = 0; path = treehacksUITests.xctest; sourceTree = BUILT_PRODUCTS_DIR; };
		C2F3791325D8525C00A0D22A /* treehacksUITests.swift */ = {isa = PBXFileReference; lastKnownFileType = sourcecode.swift; path = treehacksUITests.swift; sourceTree = "<group>"; };
		C2F3791525D8525C00A0D22A /* Info.plist */ = {isa = PBXFileReference; lastKnownFileType = text.plist.xml; path = Info.plist; sourceTree = "<group>"; };
		C2F3791825D8525C00A0D22A /* treehacks WatchKit App.app */ = {isa = PBXFileReference; explicitFileType = wrapper.application; includeInIndex = 0; path = "treehacks WatchKit App.app"; sourceTree = BUILT_PRODUCTS_DIR; };
		C2F3791D25D8525E00A0D22A /* Assets.xcassets */ = {isa = PBXFileReference; lastKnownFileType = folder.assetcatalog; path = Assets.xcassets; sourceTree = "<group>"; };
		C2F3791F25D8525E00A0D22A /* Info.plist */ = {isa = PBXFileReference; lastKnownFileType = text.plist.xml; path = Info.plist; sourceTree = "<group>"; };
		C2F3792425D8525E00A0D22A /* treehacks WatchKit Extension.appex */ = {isa = PBXFileReference; explicitFileType = "wrapper.app-extension"; includeInIndex = 0; path = "treehacks WatchKit Extension.appex"; sourceTree = BUILT_PRODUCTS_DIR; };
		C2F3792925D8525E00A0D22A /* treehacksApp.swift */ = {isa = PBXFileReference; lastKnownFileType = sourcecode.swift; path = treehacksApp.swift; sourceTree = "<group>"; };
		C2F3792B25D8525E00A0D22A /* ContentView.swift */ = {isa = PBXFileReference; lastKnownFileType = sourcecode.swift; path = ContentView.swift; sourceTree = "<group>"; };
		C2F3792D25D8525E00A0D22A /* NotificationController.swift */ = {isa = PBXFileReference; lastKnownFileType = sourcecode.swift; path = NotificationController.swift; sourceTree = "<group>"; };
		C2F3792F25D8525E00A0D22A /* NotificationView.swift */ = {isa = PBXFileReference; lastKnownFileType = sourcecode.swift; path = NotificationView.swift; sourceTree = "<group>"; };
		C2F3793125D8525E00A0D22A /* ComplicationController.swift */ = {isa = PBXFileReference; lastKnownFileType = sourcecode.swift; path = ComplicationController.swift; sourceTree = "<group>"; };
		C2F3793325D8525F00A0D22A /* Assets.xcassets */ = {isa = PBXFileReference; lastKnownFileType = folder.assetcatalog; path = Assets.xcassets; sourceTree = "<group>"; };
		C2F3793625D8525F00A0D22A /* Preview Assets.xcassets */ = {isa = PBXFileReference; lastKnownFileType = folder.assetcatalog; path = "Preview Assets.xcassets"; sourceTree = "<group>"; };
		C2F3793825D8525F00A0D22A /* Info.plist */ = {isa = PBXFileReference; lastKnownFileType = text.plist.xml; path = Info.plist; sourceTree = "<group>"; };
		C2F3793925D8525F00A0D22A /* PushNotificationPayload.apns */ = {isa = PBXFileReference; lastKnownFileType = text; path = PushNotificationPayload.apns; sourceTree = "<group>"; };
		C2F3793E25D8525F00A0D22A /* treehacks WatchKit AppTests.xctest */ = {isa = PBXFileReference; explicitFileType = wrapper.cfbundle; includeInIndex = 0; path = "treehacks WatchKit AppTests.xctest"; sourceTree = BUILT_PRODUCTS_DIR; };
		C2F3794225D8525F00A0D22A /* treehacks_WatchKit_AppTests.swift */ = {isa = PBXFileReference; lastKnownFileType = sourcecode.swift; path = treehacks_WatchKit_AppTests.swift; sourceTree = "<group>"; };
		C2F3794425D8525F00A0D22A /* Info.plist */ = {isa = PBXFileReference; lastKnownFileType = text.plist.xml; path = Info.plist; sourceTree = "<group>"; };
		C2F3794925D8526000A0D22A /* treehacks WatchKit AppUITests.xctest */ = {isa = PBXFileReference; explicitFileType = wrapper.cfbundle; includeInIndex = 0; path = "treehacks WatchKit AppUITests.xctest"; sourceTree = BUILT_PRODUCTS_DIR; };
		C2F3794D25D8526000A0D22A /* treehacks_WatchKit_AppUITests.swift */ = {isa = PBXFileReference; lastKnownFileType = sourcecode.swift; path = treehacks_WatchKit_AppUITests.swift; sourceTree = "<group>"; };
		C2F3794F25D8526000A0D22A /* Info.plist */ = {isa = PBXFileReference; lastKnownFileType = text.plist.xml; path = Info.plist; sourceTree = "<group>"; };
		C63E44471DD9129057E783FA /* Pods_treehacks_WatchKit_AppTests.framework */ = {isa = PBXFileReference; explicitFileType = wrapper.framework; includeInIndex = 0; path = Pods_treehacks_WatchKit_AppTests.framework; sourceTree = BUILT_PRODUCTS_DIR; };
		DB0F3D08F4753C10D45DA663 /* Pods-treehacks WatchKit Extension.release.xcconfig */ = {isa = PBXFileReference; includeInIndex = 1; lastKnownFileType = text.xcconfig; name = "Pods-treehacks WatchKit Extension.release.xcconfig"; path = "Target Support Files/Pods-treehacks WatchKit Extension/Pods-treehacks WatchKit Extension.release.xcconfig"; sourceTree = "<group>"; };
		E3623721BC727342EA12A7D1 /* Pods-treehacks WatchKit App.debug.xcconfig */ = {isa = PBXFileReference; includeInIndex = 1; lastKnownFileType = text.xcconfig; name = "Pods-treehacks WatchKit App.debug.xcconfig"; path = "Target Support Files/Pods-treehacks WatchKit App/Pods-treehacks WatchKit App.debug.xcconfig"; sourceTree = "<group>"; };
		ECF87919066A02518C7A2E13 /* Pods-treehacks-treehacks WatchKit AppUITests.release.xcconfig */ = {isa = PBXFileReference; includeInIndex = 1; lastKnownFileType = text.xcconfig; name = "Pods-treehacks-treehacks WatchKit AppUITests.release.xcconfig"; path = "Target Support Files/Pods-treehacks-treehacks WatchKit AppUITests/Pods-treehacks-treehacks WatchKit AppUITests.release.xcconfig"; sourceTree = "<group>"; };
		F12AEE7C98BAE14D173075A2 /* Pods_treehacks_treehacksUITests.framework */ = {isa = PBXFileReference; explicitFileType = wrapper.framework; includeInIndex = 0; path = Pods_treehacks_treehacksUITests.framework; sourceTree = BUILT_PRODUCTS_DIR; };
/* End PBXFileReference section */

/* Begin PBXFrameworksBuildPhase section */
		8D6BA2B07CBE000FFA8F2253 /* Frameworks */ = {
			isa = PBXFrameworksBuildPhase;
			buildActionMask = 2147483647;
			files = (
				77084917CD05139464CC7840 /* Pods_treehacks_WatchKit_App.framework in Frameworks */,
			);
			runOnlyForDeploymentPostprocessing = 0;
		};
		C2F378F025D8525900A0D22A /* Frameworks */ = {
			isa = PBXFrameworksBuildPhase;
			buildActionMask = 2147483647;
			files = (
				C5B3E6D51080BC0CF7824B9F /* Pods_treehacks.framework in Frameworks */,
			);
			runOnlyForDeploymentPostprocessing = 0;
		};
		C2F3790125D8525C00A0D22A /* Frameworks */ = {
			isa = PBXFrameworksBuildPhase;
			buildActionMask = 2147483647;
			files = (
				6F12ADF1D9E4416411929500 /* Pods_treehacksTests.framework in Frameworks */,
			);
			runOnlyForDeploymentPostprocessing = 0;
		};
		C2F3790C25D8525C00A0D22A /* Frameworks */ = {
			isa = PBXFrameworksBuildPhase;
			buildActionMask = 2147483647;
			files = (
				B44A442B9ADDBD11CCD8C2BB /* Pods_treehacks_treehacksUITests.framework in Frameworks */,
			);
			runOnlyForDeploymentPostprocessing = 0;
		};
		C2F3792125D8525E00A0D22A /* Frameworks */ = {
			isa = PBXFrameworksBuildPhase;
			buildActionMask = 2147483647;
			files = (
				221B71A7E65CF8C7E7F6F3CA /* Pods_treehacks_WatchKit_Extension.framework in Frameworks */,
			);
			runOnlyForDeploymentPostprocessing = 0;
		};
		C2F3793B25D8525F00A0D22A /* Frameworks */ = {
			isa = PBXFrameworksBuildPhase;
			buildActionMask = 2147483647;
			files = (
				F01AAF46BD668846C644FCA8 /* Pods_treehacks_WatchKit_AppTests.framework in Frameworks */,
			);
			runOnlyForDeploymentPostprocessing = 0;
		};
		C2F3794625D8526000A0D22A /* Frameworks */ = {
			isa = PBXFrameworksBuildPhase;
			buildActionMask = 2147483647;
			files = (
				6F8AB729B0052951A9EF8822 /* Pods_treehacks_treehacks_WatchKit_AppUITests.framework in Frameworks */,
			);
			runOnlyForDeploymentPostprocessing = 0;
		};
/* End PBXFrameworksBuildPhase section */

/* Begin PBXGroup section */
		0CBAE3D359A3699C2FF01A9B /* Frameworks */ = {
			isa = PBXGroup;
			children = (
				87846E9CE5233C64EEEAA093 /* Pods_treehacks.framework */,
				081259018DBA225852532A6E /* Pods_treehacks_WatchKit_App.framework */,
				C63E44471DD9129057E783FA /* Pods_treehacks_WatchKit_AppTests.framework */,
				2844C449D23DBC4D2CC9FA62 /* Pods_treehacks_WatchKit_Extension.framework */,
				0AF48D76018FFB919D4A24BE /* Pods_treehacks_treehacks_WatchKit_AppUITests.framework */,
				F12AEE7C98BAE14D173075A2 /* Pods_treehacks_treehacksUITests.framework */,
				36B6B33FE0E9A7265FD432D0 /* Pods_treehacksTests.framework */,
			);
			name = Frameworks;
			sourceTree = "<group>";
		};
		A1BA1139B9E5C3EC5874B65B /* Pods */ = {
			isa = PBXGroup;
			children = (
				0A22A1C089D723FB59B6CE41 /* Pods-treehacks.debug.xcconfig */,
				80AF1008C1E154870CFC68BF /* Pods-treehacks.release.xcconfig */,
				E3623721BC727342EA12A7D1 /* Pods-treehacks WatchKit App.debug.xcconfig */,
				8532672A68D13CCD4F5D8406 /* Pods-treehacks WatchKit App.release.xcconfig */,
				298245C0DB7A683C11AA76B1 /* Pods-treehacks WatchKit AppTests.debug.xcconfig */,
				8430AF00884764750EC7B9F4 /* Pods-treehacks WatchKit AppTests.release.xcconfig */,
				4B952736A086010B4DF1B5B4 /* Pods-treehacks WatchKit Extension.debug.xcconfig */,
				DB0F3D08F4753C10D45DA663 /* Pods-treehacks WatchKit Extension.release.xcconfig */,
				4D4085456B8E331BCB038788 /* Pods-treehacks-treehacks WatchKit AppUITests.debug.xcconfig */,
				ECF87919066A02518C7A2E13 /* Pods-treehacks-treehacks WatchKit AppUITests.release.xcconfig */,
				62C75124B607C838F3EC035A /* Pods-treehacks-treehacksUITests.debug.xcconfig */,
				50F0E455577A9D2E5C8295B8 /* Pods-treehacks-treehacksUITests.release.xcconfig */,
				B05238754F7DAB84BA765D4D /* Pods-treehacksTests.debug.xcconfig */,
				025184BEAA1C007C21E229FB /* Pods-treehacksTests.release.xcconfig */,
			);
			name = Pods;
			path = Pods;
			sourceTree = "<group>";
		};
		C2F378EA25D8525700A0D22A = {
			isa = PBXGroup;
			children = (
				C2F378F525D8525900A0D22A /* treehacks */,
				C2F3790725D8525C00A0D22A /* treehacksTests */,
				C2F3791225D8525C00A0D22A /* treehacksUITests */,
				C2F3791C25D8525C00A0D22A /* treehacks WatchKit App */,
				C2F3792825D8525E00A0D22A /* treehacks WatchKit Extension */,
				C2F3794125D8525F00A0D22A /* treehacks WatchKit AppTests */,
				C2F3794C25D8526000A0D22A /* treehacks WatchKit AppUITests */,
				C2F378F425D8525900A0D22A /* Products */,
				A1BA1139B9E5C3EC5874B65B /* Pods */,
				0CBAE3D359A3699C2FF01A9B /* Frameworks */,
			);
			sourceTree = "<group>";
		};
		C2F378F425D8525900A0D22A /* Products */ = {
			isa = PBXGroup;
			children = (
				C2F378F325D8525900A0D22A /* treehacks.app */,
				C2F3790425D8525C00A0D22A /* treehacksTests.xctest */,
				C2F3790F25D8525C00A0D22A /* treehacksUITests.xctest */,
				C2F3791825D8525C00A0D22A /* treehacks WatchKit App.app */,
				C2F3792425D8525E00A0D22A /* treehacks WatchKit Extension.appex */,
				C2F3793E25D8525F00A0D22A /* treehacks WatchKit AppTests.xctest */,
				C2F3794925D8526000A0D22A /* treehacks WatchKit AppUITests.xctest */,
			);
			name = Products;
			sourceTree = "<group>";
		};
		C2F378F525D8525900A0D22A /* treehacks */ = {
			isa = PBXGroup;
			children = (
				C2F378F625D8525900A0D22A /* treehacksApp.swift */,
				C2F378F825D8525900A0D22A /* ContentView.swift */,
				C2D3179D25D8C18700355B39 /* GoogleService-Info.plist */,
				C2F378FA25D8525C00A0D22A /* Assets.xcassets */,
				C2F378FF25D8525C00A0D22A /* Info.plist */,
				C2F378FC25D8525C00A0D22A /* Preview Content */,
			);
			path = treehacks;
			sourceTree = "<group>";
		};
		C2F378FC25D8525C00A0D22A /* Preview Content */ = {
			isa = PBXGroup;
			children = (
				C2F378FD25D8525C00A0D22A /* Preview Assets.xcassets */,
			);
			path = "Preview Content";
			sourceTree = "<group>";
		};
		C2F3790725D8525C00A0D22A /* treehacksTests */ = {
			isa = PBXGroup;
			children = (
				C2F3790825D8525C00A0D22A /* treehacksTests.swift */,
				C2F3790A25D8525C00A0D22A /* Info.plist */,
			);
			path = treehacksTests;
			sourceTree = "<group>";
		};
		C2F3791225D8525C00A0D22A /* treehacksUITests */ = {
			isa = PBXGroup;
			children = (
				C2F3791325D8525C00A0D22A /* treehacksUITests.swift */,
				C2F3791525D8525C00A0D22A /* Info.plist */,
			);
			path = treehacksUITests;
			sourceTree = "<group>";
		};
		C2F3791C25D8525C00A0D22A /* treehacks WatchKit App */ = {
			isa = PBXGroup;
			children = (
				C2F3791D25D8525E00A0D22A /* Assets.xcassets */,
				C2F3791F25D8525E00A0D22A /* Info.plist */,
			);
			path = "treehacks WatchKit App";
			sourceTree = "<group>";
		};
		C2F3792825D8525E00A0D22A /* treehacks WatchKit Extension */ = {
			isa = PBXGroup;
			children = (
				C2F3792925D8525E00A0D22A /* treehacksApp.swift */,
				C2F3792B25D8525E00A0D22A /* ContentView.swift */,
				C2F3792D25D8525E00A0D22A /* NotificationController.swift */,
				C2F3792F25D8525E00A0D22A /* NotificationView.swift */,
				C2F3793125D8525E00A0D22A /* ComplicationController.swift */,
				C2F3793325D8525F00A0D22A /* Assets.xcassets */,
				C2F3793825D8525F00A0D22A /* Info.plist */,
				C2F3793925D8525F00A0D22A /* PushNotificationPayload.apns */,
				C2F3793525D8525F00A0D22A /* Preview Content */,
			);
			path = "treehacks WatchKit Extension";
			sourceTree = "<group>";
		};
		C2F3793525D8525F00A0D22A /* Preview Content */ = {
			isa = PBXGroup;
			children = (
				C2F3793625D8525F00A0D22A /* Preview Assets.xcassets */,
			);
			path = "Preview Content";
			sourceTree = "<group>";
		};
		C2F3794125D8525F00A0D22A /* treehacks WatchKit AppTests */ = {
			isa = PBXGroup;
			children = (
				C2F3794225D8525F00A0D22A /* treehacks_WatchKit_AppTests.swift */,
				C2F3794425D8525F00A0D22A /* Info.plist */,
			);
			path = "treehacks WatchKit AppTests";
			sourceTree = "<group>";
		};
		C2F3794C25D8526000A0D22A /* treehacks WatchKit AppUITests */ = {
			isa = PBXGroup;
			children = (
				C2F3794D25D8526000A0D22A /* treehacks_WatchKit_AppUITests.swift */,
				C2F3794F25D8526000A0D22A /* Info.plist */,
			);
			path = "treehacks WatchKit AppUITests";
			sourceTree = "<group>";
		};
/* End PBXGroup section */

/* Begin PBXNativeTarget section */
		C2F378F225D8525900A0D22A /* treehacks */ = {
			isa = PBXNativeTarget;
			buildConfigurationList = C2F3795A25D8526000A0D22A /* Build configuration list for PBXNativeTarget "treehacks" */;
			buildPhases = (
				D4ED5B78622E6CD68B459399 /* [CP] Check Pods Manifest.lock */,
				C2F378EF25D8525900A0D22A /* Sources */,
				C2F378F025D8525900A0D22A /* Frameworks */,
				C2F378F125D8525900A0D22A /* Resources */,
				C2F3795925D8526000A0D22A /* Embed Watch Content */,
				EB2D983DB0D6FDE23DD465D7 /* [CP] Embed Pods Frameworks */,
			);
			buildRules = (
			);
			dependencies = (
				C2F3791B25D8525C00A0D22A /* PBXTargetDependency */,
			);
			name = treehacks;
			productName = treehacks;
			productReference = C2F378F325D8525900A0D22A /* treehacks.app */;
			productType = "com.apple.product-type.application";
		};
		C2F3790325D8525C00A0D22A /* treehacksTests */ = {
			isa = PBXNativeTarget;
			buildConfigurationList = C2F3795D25D8526000A0D22A /* Build configuration list for PBXNativeTarget "treehacksTests" */;
			buildPhases = (
				2155073212F3B7AEE88BA4DD /* [CP] Check Pods Manifest.lock */,
				C2F3790025D8525C00A0D22A /* Sources */,
				C2F3790125D8525C00A0D22A /* Frameworks */,
				C2F3790225D8525C00A0D22A /* Resources */,
			);
			buildRules = (
			);
			dependencies = (
				C2F3790625D8525C00A0D22A /* PBXTargetDependency */,
			);
			name = treehacksTests;
			productName = treehacksTests;
			productReference = C2F3790425D8525C00A0D22A /* treehacksTests.xctest */;
			productType = "com.apple.product-type.bundle.unit-test";
		};
		C2F3790E25D8525C00A0D22A /* treehacksUITests */ = {
			isa = PBXNativeTarget;
			buildConfigurationList = C2F3796025D8526000A0D22A /* Build configuration list for PBXNativeTarget "treehacksUITests" */;
			buildPhases = (
				8BA421E627C49EB6D1C95076 /* [CP] Check Pods Manifest.lock */,
				C2F3790B25D8525C00A0D22A /* Sources */,
				C2F3790C25D8525C00A0D22A /* Frameworks */,
				C2F3790D25D8525C00A0D22A /* Resources */,
				BFE473C4B465A474FDF6484E /* [CP] Embed Pods Frameworks */,
			);
			buildRules = (
			);
			dependencies = (
				C2F3791125D8525C00A0D22A /* PBXTargetDependency */,
			);
			name = treehacksUITests;
			productName = treehacksUITests;
			productReference = C2F3790F25D8525C00A0D22A /* treehacksUITests.xctest */;
			productType = "com.apple.product-type.bundle.ui-testing";
		};
		C2F3791725D8525C00A0D22A /* treehacks WatchKit App */ = {
			isa = PBXNativeTarget;
			buildConfigurationList = C2F3795625D8526000A0D22A /* Build configuration list for PBXNativeTarget "treehacks WatchKit App" */;
			buildPhases = (
				468BCAFEC3CF5AB087410AD4 /* [CP] Check Pods Manifest.lock */,
				C2F3791625D8525C00A0D22A /* Resources */,
				C2F3795525D8526000A0D22A /* Embed App Extensions */,
				8D6BA2B07CBE000FFA8F2253 /* Frameworks */,
			);
			buildRules = (
			);
			dependencies = (
				C2F3792725D8525E00A0D22A /* PBXTargetDependency */,
			);
			name = "treehacks WatchKit App";
			productName = "treehacks WatchKit App";
			productReference = C2F3791825D8525C00A0D22A /* treehacks WatchKit App.app */;
			productType = "com.apple.product-type.application.watchapp2";
		};
		C2F3792325D8525E00A0D22A /* treehacks WatchKit Extension */ = {
			isa = PBXNativeTarget;
			buildConfigurationList = C2F3795225D8526000A0D22A /* Build configuration list for PBXNativeTarget "treehacks WatchKit Extension" */;
			buildPhases = (
				5741D7ADA752F41E54AB8203 /* [CP] Check Pods Manifest.lock */,
				C2F3792025D8525E00A0D22A /* Sources */,
				C2F3792125D8525E00A0D22A /* Frameworks */,
				C2F3792225D8525E00A0D22A /* Resources */,
			);
			buildRules = (
			);
			dependencies = (
			);
			name = "treehacks WatchKit Extension";
			productName = "treehacks WatchKit Extension";
			productReference = C2F3792425D8525E00A0D22A /* treehacks WatchKit Extension.appex */;
			productType = "com.apple.product-type.watchkit2-extension";
		};
		C2F3793D25D8525F00A0D22A /* treehacks WatchKit AppTests */ = {
			isa = PBXNativeTarget;
			buildConfigurationList = C2F3796325D8526000A0D22A /* Build configuration list for PBXNativeTarget "treehacks WatchKit AppTests" */;
			buildPhases = (
				95ADDF9A39EE0758550C8B53 /* [CP] Check Pods Manifest.lock */,
				C2F3793A25D8525F00A0D22A /* Sources */,
				C2F3793B25D8525F00A0D22A /* Frameworks */,
				C2F3793C25D8525F00A0D22A /* Resources */,
			);
			buildRules = (
			);
			dependencies = (
				C2F3794025D8525F00A0D22A /* PBXTargetDependency */,
			);
			name = "treehacks WatchKit AppTests";
			productName = "treehacks WatchKit AppTests";
			productReference = C2F3793E25D8525F00A0D22A /* treehacks WatchKit AppTests.xctest */;
			productType = "com.apple.product-type.bundle.unit-test";
		};
		C2F3794825D8526000A0D22A /* treehacks WatchKit AppUITests */ = {
			isa = PBXNativeTarget;
			buildConfigurationList = C2F3796625D8526000A0D22A /* Build configuration list for PBXNativeTarget "treehacks WatchKit AppUITests" */;
			buildPhases = (
				E10E71C49BCB6EF4EAB3F4ED /* [CP] Check Pods Manifest.lock */,
				C2F3794525D8526000A0D22A /* Sources */,
				C2F3794625D8526000A0D22A /* Frameworks */,
				C2F3794725D8526000A0D22A /* Resources */,
				D2D933F47D9AA4A4A0284F16 /* [CP] Embed Pods Frameworks */,
			);
			buildRules = (
			);
			dependencies = (
				C2F3794B25D8526000A0D22A /* PBXTargetDependency */,
			);
			name = "treehacks WatchKit AppUITests";
			productName = "treehacks WatchKit AppUITests";
			productReference = C2F3794925D8526000A0D22A /* treehacks WatchKit AppUITests.xctest */;
			productType = "com.apple.product-type.bundle.ui-testing";
		};
/* End PBXNativeTarget section */

/* Begin PBXProject section */
		C2F378EB25D8525700A0D22A /* Project object */ = {
			isa = PBXProject;
			attributes = {
				LastSwiftUpdateCheck = 1250;
				LastUpgradeCheck = 1250;
				TargetAttributes = {
					C2F378F225D8525900A0D22A = {
						CreatedOnToolsVersion = 12.5;
					};
					C2F3790325D8525C00A0D22A = {
						CreatedOnToolsVersion = 12.5;
						TestTargetID = C2F378F225D8525900A0D22A;
					};
					C2F3790E25D8525C00A0D22A = {
						CreatedOnToolsVersion = 12.5;
						TestTargetID = C2F378F225D8525900A0D22A;
					};
					C2F3791725D8525C00A0D22A = {
						CreatedOnToolsVersion = 12.5;
					};
					C2F3792325D8525E00A0D22A = {
						CreatedOnToolsVersion = 12.5;
					};
					C2F3793D25D8525F00A0D22A = {
						CreatedOnToolsVersion = 12.5;
						TestTargetID = C2F3792325D8525E00A0D22A;
					};
					C2F3794825D8526000A0D22A = {
						CreatedOnToolsVersion = 12.5;
						TestTargetID = C2F3791725D8525C00A0D22A;
					};
				};
			};
			buildConfigurationList = C2F378EE25D8525700A0D22A /* Build configuration list for PBXProject "treehacks" */;
			compatibilityVersion = "Xcode 9.3";
			developmentRegion = en;
			hasScannedForEncodings = 0;
			knownRegions = (
				en,
				Base,
			);
			mainGroup = C2F378EA25D8525700A0D22A;
			productRefGroup = C2F378F425D8525900A0D22A /* Products */;
			projectDirPath = "";
			projectRoot = "";
			targets = (
				C2F378F225D8525900A0D22A /* treehacks */,
				C2F3790325D8525C00A0D22A /* treehacksTests */,
				C2F3790E25D8525C00A0D22A /* treehacksUITests */,
				C2F3791725D8525C00A0D22A /* treehacks WatchKit App */,
				C2F3792325D8525E00A0D22A /* treehacks WatchKit Extension */,
				C2F3793D25D8525F00A0D22A /* treehacks WatchKit AppTests */,
				C2F3794825D8526000A0D22A /* treehacks WatchKit AppUITests */,
			);
		};
/* End PBXProject section */

/* Begin PBXResourcesBuildPhase section */
		C2F378F125D8525900A0D22A /* Resources */ = {
			isa = PBXResourcesBuildPhase;
			buildActionMask = 2147483647;
			files = (
				C2F378FE25D8525C00A0D22A /* Preview Assets.xcassets in Resources */,
				C2F378FB25D8525C00A0D22A /* Assets.xcassets in Resources */,
				C2D3179E25D8C18700355B39 /* GoogleService-Info.plist in Resources */,
			);
			runOnlyForDeploymentPostprocessing = 0;
		};
		C2F3790225D8525C00A0D22A /* Resources */ = {
			isa = PBXResourcesBuildPhase;
			buildActionMask = 2147483647;
			files = (
			);
			runOnlyForDeploymentPostprocessing = 0;
		};
		C2F3790D25D8525C00A0D22A /* Resources */ = {
			isa = PBXResourcesBuildPhase;
			buildActionMask = 2147483647;
			files = (
			);
			runOnlyForDeploymentPostprocessing = 0;
		};
		C2F3791625D8525C00A0D22A /* Resources */ = {
			isa = PBXResourcesBuildPhase;
			buildActionMask = 2147483647;
			files = (
				C2F3791E25D8525E00A0D22A /* Assets.xcassets in Resources */,
			);
			runOnlyForDeploymentPostprocessing = 0;
		};
		C2F3792225D8525E00A0D22A /* Resources */ = {
			isa = PBXResourcesBuildPhase;
			buildActionMask = 2147483647;
			files = (
				C2F3793725D8525F00A0D22A /* Preview Assets.xcassets in Resources */,
				C2F3793425D8525F00A0D22A /* Assets.xcassets in Resources */,
			);
			runOnlyForDeploymentPostprocessing = 0;
		};
		C2F3793C25D8525F00A0D22A /* Resources */ = {
			isa = PBXResourcesBuildPhase;
			buildActionMask = 2147483647;
			files = (
			);
			runOnlyForDeploymentPostprocessing = 0;
		};
		C2F3794725D8526000A0D22A /* Resources */ = {
			isa = PBXResourcesBuildPhase;
			buildActionMask = 2147483647;
			files = (
			);
			runOnlyForDeploymentPostprocessing = 0;
		};
/* End PBXResourcesBuildPhase section */

/* Begin PBXShellScriptBuildPhase section */
		2155073212F3B7AEE88BA4DD /* [CP] Check Pods Manifest.lock */ = {
			isa = PBXShellScriptBuildPhase;
			buildActionMask = 2147483647;
			files = (
			);
			inputFileListPaths = (
			);
			inputPaths = (
				"${PODS_PODFILE_DIR_PATH}/Podfile.lock",
				"${PODS_ROOT}/Manifest.lock",
			);
			name = "[CP] Check Pods Manifest.lock";
			outputFileListPaths = (
			);
			outputPaths = (
				"$(DERIVED_FILE_DIR)/Pods-treehacksTests-checkManifestLockResult.txt",
			);
			runOnlyForDeploymentPostprocessing = 0;
			shellPath = /bin/sh;
			shellScript = "diff \"${PODS_PODFILE_DIR_PATH}/Podfile.lock\" \"${PODS_ROOT}/Manifest.lock\" > /dev/null\nif [ $? != 0 ] ; then\n    # print error to STDERR\n    echo \"error: The sandbox is not in sync with the Podfile.lock. Run 'pod install' or update your CocoaPods installation.\" >&2\n    exit 1\nfi\n# This output is used by Xcode 'outputs' to avoid re-running this script phase.\necho \"SUCCESS\" > \"${SCRIPT_OUTPUT_FILE_0}\"\n";
			showEnvVarsInLog = 0;
		};
		468BCAFEC3CF5AB087410AD4 /* [CP] Check Pods Manifest.lock */ = {
			isa = PBXShellScriptBuildPhase;
			buildActionMask = 2147483647;
			files = (
			);
			inputFileListPaths = (
			);
			inputPaths = (
				"${PODS_PODFILE_DIR_PATH}/Podfile.lock",
				"${PODS_ROOT}/Manifest.lock",
			);
			name = "[CP] Check Pods Manifest.lock";
			outputFileListPaths = (
			);
			outputPaths = (
				"$(DERIVED_FILE_DIR)/Pods-treehacks WatchKit App-checkManifestLockResult.txt",
			);
			runOnlyForDeploymentPostprocessing = 0;
			shellPath = /bin/sh;
			shellScript = "diff \"${PODS_PODFILE_DIR_PATH}/Podfile.lock\" \"${PODS_ROOT}/Manifest.lock\" > /dev/null\nif [ $? != 0 ] ; then\n    # print error to STDERR\n    echo \"error: The sandbox is not in sync with the Podfile.lock. Run 'pod install' or update your CocoaPods installation.\" >&2\n    exit 1\nfi\n# This output is used by Xcode 'outputs' to avoid re-running this script phase.\necho \"SUCCESS\" > \"${SCRIPT_OUTPUT_FILE_0}\"\n";
			showEnvVarsInLog = 0;
		};
		5741D7ADA752F41E54AB8203 /* [CP] Check Pods Manifest.lock */ = {
			isa = PBXShellScriptBuildPhase;
			buildActionMask = 2147483647;
			files = (
			);
			inputFileListPaths = (
			);
			inputPaths = (
				"${PODS_PODFILE_DIR_PATH}/Podfile.lock",
				"${PODS_ROOT}/Manifest.lock",
			);
			name = "[CP] Check Pods Manifest.lock";
			outputFileListPaths = (
			);
			outputPaths = (
				"$(DERIVED_FILE_DIR)/Pods-treehacks WatchKit Extension-checkManifestLockResult.txt",
			);
			runOnlyForDeploymentPostprocessing = 0;
			shellPath = /bin/sh;
			shellScript = "diff \"${PODS_PODFILE_DIR_PATH}/Podfile.lock\" \"${PODS_ROOT}/Manifest.lock\" > /dev/null\nif [ $? != 0 ] ; then\n    # print error to STDERR\n    echo \"error: The sandbox is not in sync with the Podfile.lock. Run 'pod install' or update your CocoaPods installation.\" >&2\n    exit 1\nfi\n# This output is used by Xcode 'outputs' to avoid re-running this script phase.\necho \"SUCCESS\" > \"${SCRIPT_OUTPUT_FILE_0}\"\n";
			showEnvVarsInLog = 0;
		};
		8BA421E627C49EB6D1C95076 /* [CP] Check Pods Manifest.lock */ = {
			isa = PBXShellScriptBuildPhase;
			buildActionMask = 2147483647;
			files = (
			);
			inputFileListPaths = (
			);
			inputPaths = (
				"${PODS_PODFILE_DIR_PATH}/Podfile.lock",
				"${PODS_ROOT}/Manifest.lock",
			);
			name = "[CP] Check Pods Manifest.lock";
			outputFileListPaths = (
			);
			outputPaths = (
				"$(DERIVED_FILE_DIR)/Pods-treehacks-treehacksUITests-checkManifestLockResult.txt",
			);
			runOnlyForDeploymentPostprocessing = 0;
			shellPath = /bin/sh;
			shellScript = "diff \"${PODS_PODFILE_DIR_PATH}/Podfile.lock\" \"${PODS_ROOT}/Manifest.lock\" > /dev/null\nif [ $? != 0 ] ; then\n    # print error to STDERR\n    echo \"error: The sandbox is not in sync with the Podfile.lock. Run 'pod install' or update your CocoaPods installation.\" >&2\n    exit 1\nfi\n# This output is used by Xcode 'outputs' to avoid re-running this script phase.\necho \"SUCCESS\" > \"${SCRIPT_OUTPUT_FILE_0}\"\n";
			showEnvVarsInLog = 0;
		};
		95ADDF9A39EE0758550C8B53 /* [CP] Check Pods Manifest.lock */ = {
			isa = PBXShellScriptBuildPhase;
			buildActionMask = 2147483647;
			files = (
			);
			inputFileListPaths = (
			);
			inputPaths = (
				"${PODS_PODFILE_DIR_PATH}/Podfile.lock",
				"${PODS_ROOT}/Manifest.lock",
			);
			name = "[CP] Check Pods Manifest.lock";
			outputFileListPaths = (
			);
			outputPaths = (
				"$(DERIVED_FILE_DIR)/Pods-treehacks WatchKit AppTests-checkManifestLockResult.txt",
			);
			runOnlyForDeploymentPostprocessing = 0;
			shellPath = /bin/sh;
			shellScript = "diff \"${PODS_PODFILE_DIR_PATH}/Podfile.lock\" \"${PODS_ROOT}/Manifest.lock\" > /dev/null\nif [ $? != 0 ] ; then\n    # print error to STDERR\n    echo \"error: The sandbox is not in sync with the Podfile.lock. Run 'pod install' or update your CocoaPods installation.\" >&2\n    exit 1\nfi\n# This output is used by Xcode 'outputs' to avoid re-running this script phase.\necho \"SUCCESS\" > \"${SCRIPT_OUTPUT_FILE_0}\"\n";
			showEnvVarsInLog = 0;
		};
		BFE473C4B465A474FDF6484E /* [CP] Embed Pods Frameworks */ = {
			isa = PBXShellScriptBuildPhase;
			buildActionMask = 2147483647;
			files = (
			);
			inputFileListPaths = (
				"${PODS_ROOT}/Target Support Files/Pods-treehacks-treehacksUITests/Pods-treehacks-treehacksUITests-frameworks-${CONFIGURATION}-input-files.xcfilelist",
			);
			name = "[CP] Embed Pods Frameworks";
			outputFileListPaths = (
				"${PODS_ROOT}/Target Support Files/Pods-treehacks-treehacksUITests/Pods-treehacks-treehacksUITests-frameworks-${CONFIGURATION}-output-files.xcfilelist",
			);
			runOnlyForDeploymentPostprocessing = 0;
			shellPath = /bin/sh;
			shellScript = "\"${PODS_ROOT}/Target Support Files/Pods-treehacks-treehacksUITests/Pods-treehacks-treehacksUITests-frameworks.sh\"\n";
			showEnvVarsInLog = 0;
		};
		D2D933F47D9AA4A4A0284F16 /* [CP] Embed Pods Frameworks */ = {
			isa = PBXShellScriptBuildPhase;
			buildActionMask = 2147483647;
			files = (
			);
			inputFileListPaths = (
				"${PODS_ROOT}/Target Support Files/Pods-treehacks-treehacks WatchKit AppUITests/Pods-treehacks-treehacks WatchKit AppUITests-frameworks-${CONFIGURATION}-input-files.xcfilelist",
			);
			name = "[CP] Embed Pods Frameworks";
			outputFileListPaths = (
				"${PODS_ROOT}/Target Support Files/Pods-treehacks-treehacks WatchKit AppUITests/Pods-treehacks-treehacks WatchKit AppUITests-frameworks-${CONFIGURATION}-output-files.xcfilelist",
			);
			runOnlyForDeploymentPostprocessing = 0;
			shellPath = /bin/sh;
			shellScript = "\"${PODS_ROOT}/Target Support Files/Pods-treehacks-treehacks WatchKit AppUITests/Pods-treehacks-treehacks WatchKit AppUITests-frameworks.sh\"\n";
			showEnvVarsInLog = 0;
		};
		D4ED5B78622E6CD68B459399 /* [CP] Check Pods Manifest.lock */ = {
			isa = PBXShellScriptBuildPhase;
			buildActionMask = 2147483647;
			files = (
			);
			inputFileListPaths = (
			);
			inputPaths = (
				"${PODS_PODFILE_DIR_PATH}/Podfile.lock",
				"${PODS_ROOT}/Manifest.lock",
			);
			name = "[CP] Check Pods Manifest.lock";
			outputFileListPaths = (
			);
			outputPaths = (
				"$(DERIVED_FILE_DIR)/Pods-treehacks-checkManifestLockResult.txt",
			);
			runOnlyForDeploymentPostprocessing = 0;
			shellPath = /bin/sh;
			shellScript = "diff \"${PODS_PODFILE_DIR_PATH}/Podfile.lock\" \"${PODS_ROOT}/Manifest.lock\" > /dev/null\nif [ $? != 0 ] ; then\n    # print error to STDERR\n    echo \"error: The sandbox is not in sync with the Podfile.lock. Run 'pod install' or update your CocoaPods installation.\" >&2\n    exit 1\nfi\n# This output is used by Xcode 'outputs' to avoid re-running this script phase.\necho \"SUCCESS\" > \"${SCRIPT_OUTPUT_FILE_0}\"\n";
			showEnvVarsInLog = 0;
		};
		E10E71C49BCB6EF4EAB3F4ED /* [CP] Check Pods Manifest.lock */ = {
			isa = PBXShellScriptBuildPhase;
			buildActionMask = 2147483647;
			files = (
			);
			inputFileListPaths = (
			);
			inputPaths = (
				"${PODS_PODFILE_DIR_PATH}/Podfile.lock",
				"${PODS_ROOT}/Manifest.lock",
			);
			name = "[CP] Check Pods Manifest.lock";
			outputFileListPaths = (
			);
			outputPaths = (
				"$(DERIVED_FILE_DIR)/Pods-treehacks-treehacks WatchKit AppUITests-checkManifestLockResult.txt",
			);
			runOnlyForDeploymentPostprocessing = 0;
			shellPath = /bin/sh;
			shellScript = "diff \"${PODS_PODFILE_DIR_PATH}/Podfile.lock\" \"${PODS_ROOT}/Manifest.lock\" > /dev/null\nif [ $? != 0 ] ; then\n    # print error to STDERR\n    echo \"error: The sandbox is not in sync with the Podfile.lock. Run 'pod install' or update your CocoaPods installation.\" >&2\n    exit 1\nfi\n# This output is used by Xcode 'outputs' to avoid re-running this script phase.\necho \"SUCCESS\" > \"${SCRIPT_OUTPUT_FILE_0}\"\n";
			showEnvVarsInLog = 0;
		};
		EB2D983DB0D6FDE23DD465D7 /* [CP] Embed Pods Frameworks */ = {
			isa = PBXShellScriptBuildPhase;
			buildActionMask = 2147483647;
			files = (
			);
			inputFileListPaths = (
				"${PODS_ROOT}/Target Support Files/Pods-treehacks/Pods-treehacks-frameworks-${CONFIGURATION}-input-files.xcfilelist",
			);
			name = "[CP] Embed Pods Frameworks";
			outputFileListPaths = (
				"${PODS_ROOT}/Target Support Files/Pods-treehacks/Pods-treehacks-frameworks-${CONFIGURATION}-output-files.xcfilelist",
			);
			runOnlyForDeploymentPostprocessing = 0;
			shellPath = /bin/sh;
			shellScript = "\"${PODS_ROOT}/Target Support Files/Pods-treehacks/Pods-treehacks-frameworks.sh\"\n";
			showEnvVarsInLog = 0;
		};
/* End PBXShellScriptBuildPhase section */

/* Begin PBXSourcesBuildPhase section */
		C2F378EF25D8525900A0D22A /* Sources */ = {
			isa = PBXSourcesBuildPhase;
			buildActionMask = 2147483647;
			files = (
				C2F378F925D8525900A0D22A /* ContentView.swift in Sources */,
				C2F378F725D8525900A0D22A /* treehacksApp.swift in Sources */,
			);
			runOnlyForDeploymentPostprocessing = 0;
		};
		C2F3790025D8525C00A0D22A /* Sources */ = {
			isa = PBXSourcesBuildPhase;
			buildActionMask = 2147483647;
			files = (
				C2F3790925D8525C00A0D22A /* treehacksTests.swift in Sources */,
			);
			runOnlyForDeploymentPostprocessing = 0;
		};
		C2F3790B25D8525C00A0D22A /* Sources */ = {
			isa = PBXSourcesBuildPhase;
			buildActionMask = 2147483647;
			files = (
				C2F3791425D8525C00A0D22A /* treehacksUITests.swift in Sources */,
			);
			runOnlyForDeploymentPostprocessing = 0;
		};
		C2F3792025D8525E00A0D22A /* Sources */ = {
			isa = PBXSourcesBuildPhase;
			buildActionMask = 2147483647;
			files = (
				C2F3792E25D8525E00A0D22A /* NotificationController.swift in Sources */,
				C2F3792C25D8525E00A0D22A /* ContentView.swift in Sources */,
				C2F3793225D8525E00A0D22A /* ComplicationController.swift in Sources */,
				C2F3792A25D8525E00A0D22A /* treehacksApp.swift in Sources */,
				C2F3793025D8525E00A0D22A /* NotificationView.swift in Sources */,
			);
			runOnlyForDeploymentPostprocessing = 0;
		};
		C2F3793A25D8525F00A0D22A /* Sources */ = {
			isa = PBXSourcesBuildPhase;
			buildActionMask = 2147483647;
			files = (
				C2F3794325D8525F00A0D22A /* treehacks_WatchKit_AppTests.swift in Sources */,
			);
			runOnlyForDeploymentPostprocessing = 0;
		};
		C2F3794525D8526000A0D22A /* Sources */ = {
			isa = PBXSourcesBuildPhase;
			buildActionMask = 2147483647;
			files = (
				C2F3794E25D8526000A0D22A /* treehacks_WatchKit_AppUITests.swift in Sources */,
			);
			runOnlyForDeploymentPostprocessing = 0;
		};
/* End PBXSourcesBuildPhase section */

/* Begin PBXTargetDependency section */
		C2F3790625D8525C00A0D22A /* PBXTargetDependency */ = {
			isa = PBXTargetDependency;
			target = C2F378F225D8525900A0D22A /* treehacks */;
			targetProxy = C2F3790525D8525C00A0D22A /* PBXContainerItemProxy */;
		};
		C2F3791125D8525C00A0D22A /* PBXTargetDependency */ = {
			isa = PBXTargetDependency;
			target = C2F378F225D8525900A0D22A /* treehacks */;
			targetProxy = C2F3791025D8525C00A0D22A /* PBXContainerItemProxy */;
		};
		C2F3791B25D8525C00A0D22A /* PBXTargetDependency */ = {
			isa = PBXTargetDependency;
			target = C2F3791725D8525C00A0D22A /* treehacks WatchKit App */;
			targetProxy = C2F3791A25D8525C00A0D22A /* PBXContainerItemProxy */;
		};
		C2F3792725D8525E00A0D22A /* PBXTargetDependency */ = {
			isa = PBXTargetDependency;
			target = C2F3792325D8525E00A0D22A /* treehacks WatchKit Extension */;
			targetProxy = C2F3792625D8525E00A0D22A /* PBXContainerItemProxy */;
		};
		C2F3794025D8525F00A0D22A /* PBXTargetDependency */ = {
			isa = PBXTargetDependency;
			target = C2F3792325D8525E00A0D22A /* treehacks WatchKit Extension */;
			targetProxy = C2F3793F25D8525F00A0D22A /* PBXContainerItemProxy */;
		};
		C2F3794B25D8526000A0D22A /* PBXTargetDependency */ = {
			isa = PBXTargetDependency;
			target = C2F3791725D8525C00A0D22A /* treehacks WatchKit App */;
			targetProxy = C2F3794A25D8526000A0D22A /* PBXContainerItemProxy */;
		};
/* End PBXTargetDependency section */

/* Begin XCBuildConfiguration section */
		C2F3795025D8526000A0D22A /* Debug */ = {
			isa = XCBuildConfiguration;
			buildSettings = {
				ALWAYS_SEARCH_USER_PATHS = NO;
				CLANG_ANALYZER_NONNULL = YES;
				CLANG_ANALYZER_NUMBER_OBJECT_CONVERSION = YES_AGGRESSIVE;
				CLANG_CXX_LANGUAGE_STANDARD = "gnu++14";
				CLANG_CXX_LIBRARY = "libc++";
				CLANG_ENABLE_MODULES = YES;
				CLANG_ENABLE_OBJC_ARC = YES;
				CLANG_ENABLE_OBJC_WEAK = YES;
				CLANG_WARN_BLOCK_CAPTURE_AUTORELEASING = YES;
				CLANG_WARN_BOOL_CONVERSION = YES;
				CLANG_WARN_COMMA = YES;
				CLANG_WARN_CONSTANT_CONVERSION = YES;
				CLANG_WARN_DEPRECATED_OBJC_IMPLEMENTATIONS = YES;
				CLANG_WARN_DIRECT_OBJC_ISA_USAGE = YES_ERROR;
				CLANG_WARN_DOCUMENTATION_COMMENTS = YES;
				CLANG_WARN_EMPTY_BODY = YES;
				CLANG_WARN_ENUM_CONVERSION = YES;
				CLANG_WARN_INFINITE_RECURSION = YES;
				CLANG_WARN_INT_CONVERSION = YES;
				CLANG_WARN_NON_LITERAL_NULL_CONVERSION = YES;
				CLANG_WARN_OBJC_IMPLICIT_RETAIN_SELF = YES;
				CLANG_WARN_OBJC_LITERAL_CONVERSION = YES;
				CLANG_WARN_OBJC_ROOT_CLASS = YES_ERROR;
				CLANG_WARN_QUOTED_INCLUDE_IN_FRAMEWORK_HEADER = YES;
				CLANG_WARN_RANGE_LOOP_ANALYSIS = YES;
				CLANG_WARN_STRICT_PROTOTYPES = YES;
				CLANG_WARN_SUSPICIOUS_MOVE = YES;
				CLANG_WARN_UNGUARDED_AVAILABILITY = YES_AGGRESSIVE;
				CLANG_WARN_UNREACHABLE_CODE = YES;
				CLANG_WARN__DUPLICATE_METHOD_MATCH = YES;
				COPY_PHASE_STRIP = NO;
				DEBUG_INFORMATION_FORMAT = dwarf;
				ENABLE_STRICT_OBJC_MSGSEND = YES;
				ENABLE_TESTABILITY = YES;
				GCC_C_LANGUAGE_STANDARD = gnu11;
				GCC_DYNAMIC_NO_PIC = NO;
				GCC_NO_COMMON_BLOCKS = YES;
				GCC_OPTIMIZATION_LEVEL = 0;
				GCC_PREPROCESSOR_DEFINITIONS = (
					"DEBUG=1",
					"$(inherited)",
				);
				GCC_WARN_64_TO_32_BIT_CONVERSION = YES;
				GCC_WARN_ABOUT_RETURN_TYPE = YES_ERROR;
				GCC_WARN_UNDECLARED_SELECTOR = YES;
				GCC_WARN_UNINITIALIZED_AUTOS = YES_AGGRESSIVE;
				GCC_WARN_UNUSED_FUNCTION = YES;
				GCC_WARN_UNUSED_VARIABLE = YES;
				MTL_ENABLE_DEBUG_INFO = INCLUDE_SOURCE;
				MTL_FAST_MATH = YES;
				ONLY_ACTIVE_ARCH = YES;
				SWIFT_ACTIVE_COMPILATION_CONDITIONS = DEBUG;
				SWIFT_OPTIMIZATION_LEVEL = "-Onone";
			};
			name = Debug;
		};
		C2F3795125D8526000A0D22A /* Release */ = {
			isa = XCBuildConfiguration;
			buildSettings = {
				ALWAYS_SEARCH_USER_PATHS = NO;
				CLANG_ANALYZER_NONNULL = YES;
				CLANG_ANALYZER_NUMBER_OBJECT_CONVERSION = YES_AGGRESSIVE;
				CLANG_CXX_LANGUAGE_STANDARD = "gnu++14";
				CLANG_CXX_LIBRARY = "libc++";
				CLANG_ENABLE_MODULES = YES;
				CLANG_ENABLE_OBJC_ARC = YES;
				CLANG_ENABLE_OBJC_WEAK = YES;
				CLANG_WARN_BLOCK_CAPTURE_AUTORELEASING = YES;
				CLANG_WARN_BOOL_CONVERSION = YES;
				CLANG_WARN_COMMA = YES;
				CLANG_WARN_CONSTANT_CONVERSION = YES;
				CLANG_WARN_DEPRECATED_OBJC_IMPLEMENTATIONS = YES;
				CLANG_WARN_DIRECT_OBJC_ISA_USAGE = YES_ERROR;
				CLANG_WARN_DOCUMENTATION_COMMENTS = YES;
				CLANG_WARN_EMPTY_BODY = YES;
				CLANG_WARN_ENUM_CONVERSION = YES;
				CLANG_WARN_INFINITE_RECURSION = YES;
				CLANG_WARN_INT_CONVERSION = YES;
				CLANG_WARN_NON_LITERAL_NULL_CONVERSION = YES;
				CLANG_WARN_OBJC_IMPLICIT_RETAIN_SELF = YES;
				CLANG_WARN_OBJC_LITERAL_CONVERSION = YES;
				CLANG_WARN_OBJC_ROOT_CLASS = YES_ERROR;
				CLANG_WARN_QUOTED_INCLUDE_IN_FRAMEWORK_HEADER = YES;
				CLANG_WARN_RANGE_LOOP_ANALYSIS = YES;
				CLANG_WARN_STRICT_PROTOTYPES = YES;
				CLANG_WARN_SUSPICIOUS_MOVE = YES;
				CLANG_WARN_UNGUARDED_AVAILABILITY = YES_AGGRESSIVE;
				CLANG_WARN_UNREACHABLE_CODE = YES;
				CLANG_WARN__DUPLICATE_METHOD_MATCH = YES;
				COPY_PHASE_STRIP = NO;
				DEBUG_INFORMATION_FORMAT = "dwarf-with-dsym";
				ENABLE_NS_ASSERTIONS = NO;
				ENABLE_STRICT_OBJC_MSGSEND = YES;
				GCC_C_LANGUAGE_STANDARD = gnu11;
				GCC_NO_COMMON_BLOCKS = YES;
				GCC_WARN_64_TO_32_BIT_CONVERSION = YES;
				GCC_WARN_ABOUT_RETURN_TYPE = YES_ERROR;
				GCC_WARN_UNDECLARED_SELECTOR = YES;
				GCC_WARN_UNINITIALIZED_AUTOS = YES_AGGRESSIVE;
				GCC_WARN_UNUSED_FUNCTION = YES;
				GCC_WARN_UNUSED_VARIABLE = YES;
				MTL_ENABLE_DEBUG_INFO = NO;
				MTL_FAST_MATH = YES;
				SWIFT_COMPILATION_MODE = wholemodule;
				SWIFT_OPTIMIZATION_LEVEL = "-O";
			};
			name = Release;
		};
		C2F3795325D8526000A0D22A /* Debug */ = {
			isa = XCBuildConfiguration;
			baseConfigurationReference = 4B952736A086010B4DF1B5B4 /* Pods-treehacks WatchKit Extension.debug.xcconfig */;
			buildSettings = {
				ASSETCATALOG_COMPILER_COMPLICATION_NAME = Complication;
				CODE_SIGN_STYLE = Automatic;
				DEVELOPMENT_ASSET_PATHS = "\"treehacks WatchKit Extension/Preview Content\"";
				DEVELOPMENT_TEAM = 8G5W5G9579;
				ENABLE_PREVIEWS = YES;
				INFOPLIST_FILE = "treehacks WatchKit Extension/Info.plist";
				LD_RUNPATH_SEARCH_PATHS = (
					"$(inherited)",
					"@executable_path/Frameworks",
					"@executable_path/../../Frameworks",
				);
				PRODUCT_BUNDLE_IDENTIFIER = koftes.treehacks.watchkitapp.watchkitextension;
				PRODUCT_NAME = "${TARGET_NAME}";
				SDKROOT = watchos;
				SKIP_INSTALL = YES;
				SWIFT_VERSION = 5.0;
				TARGETED_DEVICE_FAMILY = 4;
				WATCHOS_DEPLOYMENT_TARGET = 7.3;
			};
			name = Debug;
		};
		C2F3795425D8526000A0D22A /* Release */ = {
			isa = XCBuildConfiguration;
			baseConfigurationReference = DB0F3D08F4753C10D45DA663 /* Pods-treehacks WatchKit Extension.release.xcconfig */;
			buildSettings = {
				ASSETCATALOG_COMPILER_COMPLICATION_NAME = Complication;
				CODE_SIGN_STYLE = Automatic;
				DEVELOPMENT_ASSET_PATHS = "\"treehacks WatchKit Extension/Preview Content\"";
				DEVELOPMENT_TEAM = 8G5W5G9579;
				ENABLE_PREVIEWS = YES;
				INFOPLIST_FILE = "treehacks WatchKit Extension/Info.plist";
				LD_RUNPATH_SEARCH_PATHS = (
					"$(inherited)",
					"@executable_path/Frameworks",
					"@executable_path/../../Frameworks",
				);
				PRODUCT_BUNDLE_IDENTIFIER = koftes.treehacks.watchkitapp.watchkitextension;
				PRODUCT_NAME = "${TARGET_NAME}";
				SDKROOT = watchos;
				SKIP_INSTALL = YES;
				SWIFT_VERSION = 5.0;
				TARGETED_DEVICE_FAMILY = 4;
				VALIDATE_PRODUCT = YES;
				WATCHOS_DEPLOYMENT_TARGET = 7.3;
			};
			name = Release;
		};
		C2F3795725D8526000A0D22A /* Debug */ = {
			isa = XCBuildConfiguration;
			baseConfigurationReference = E3623721BC727342EA12A7D1 /* Pods-treehacks WatchKit App.debug.xcconfig */;
			buildSettings = {
				ALWAYS_EMBED_SWIFT_STANDARD_LIBRARIES = YES;
				ASSETCATALOG_COMPILER_APPICON_NAME = AppIcon;
				ASSETCATALOG_COMPILER_GLOBAL_ACCENT_COLOR_NAME = AccentColor;
				CODE_SIGN_STYLE = Automatic;
				DEVELOPMENT_TEAM = 8G5W5G9579;
				IBSC_MODULE = treehacks_WatchKit_Extension;
				INFOPLIST_FILE = "treehacks WatchKit App/Info.plist";
				PRODUCT_BUNDLE_IDENTIFIER = koftes.treehacks.watchkitapp;
				PRODUCT_NAME = "$(TARGET_NAME)";
				SDKROOT = watchos;
				SKIP_INSTALL = YES;
				SWIFT_VERSION = 5.0;
				TARGETED_DEVICE_FAMILY = 4;
				WATCHOS_DEPLOYMENT_TARGET = 7.3;
			};
			name = Debug;
		};
		C2F3795825D8526000A0D22A /* Release */ = {
			isa = XCBuildConfiguration;
			baseConfigurationReference = 8532672A68D13CCD4F5D8406 /* Pods-treehacks WatchKit App.release.xcconfig */;
			buildSettings = {
				ALWAYS_EMBED_SWIFT_STANDARD_LIBRARIES = YES;
				ASSETCATALOG_COMPILER_APPICON_NAME = AppIcon;
				ASSETCATALOG_COMPILER_GLOBAL_ACCENT_COLOR_NAME = AccentColor;
				CODE_SIGN_STYLE = Automatic;
				DEVELOPMENT_TEAM = 8G5W5G9579;
				IBSC_MODULE = treehacks_WatchKit_Extension;
				INFOPLIST_FILE = "treehacks WatchKit App/Info.plist";
				PRODUCT_BUNDLE_IDENTIFIER = koftes.treehacks.watchkitapp;
				PRODUCT_NAME = "$(TARGET_NAME)";
				SDKROOT = watchos;
				SKIP_INSTALL = YES;
				SWIFT_VERSION = 5.0;
				TARGETED_DEVICE_FAMILY = 4;
				VALIDATE_PRODUCT = YES;
				WATCHOS_DEPLOYMENT_TARGET = 7.3;
			};
			name = Release;
		};
		C2F3795B25D8526000A0D22A /* Debug */ = {
			isa = XCBuildConfiguration;
			baseConfigurationReference = 0A22A1C089D723FB59B6CE41 /* Pods-treehacks.debug.xcconfig */;
			buildSettings = {
				ASSETCATALOG_COMPILER_APPICON_NAME = AppIcon;
				ASSETCATALOG_COMPILER_GLOBAL_ACCENT_COLOR_NAME = AccentColor;
				CODE_SIGN_STYLE = Automatic;
				DEVELOPMENT_ASSET_PATHS = "\"treehacks/Preview Content\"";
				DEVELOPMENT_TEAM = 8G5W5G9579;
				ENABLE_PREVIEWS = YES;
				INFOPLIST_FILE = treehacks/Info.plist;
				IPHONEOS_DEPLOYMENT_TARGET = 14.5;
				LD_RUNPATH_SEARCH_PATHS = (
					"$(inherited)",
					"@executable_path/Frameworks",
				);
				PRODUCT_BUNDLE_IDENTIFIER = koftes.treehacks;
				PRODUCT_NAME = "$(TARGET_NAME)";
				SDKROOT = iphoneos;
				SWIFT_VERSION = 5.0;
				TARGETED_DEVICE_FAMILY = "1,2";
			};
			name = Debug;
		};
		C2F3795C25D8526000A0D22A /* Release */ = {
			isa = XCBuildConfiguration;
			baseConfigurationReference = 80AF1008C1E154870CFC68BF /* Pods-treehacks.release.xcconfig */;
			buildSettings = {
				ASSETCATALOG_COMPILER_APPICON_NAME = AppIcon;
				ASSETCATALOG_COMPILER_GLOBAL_ACCENT_COLOR_NAME = AccentColor;
				CODE_SIGN_STYLE = Automatic;
				DEVELOPMENT_ASSET_PATHS = "\"treehacks/Preview Content\"";
				DEVELOPMENT_TEAM = 8G5W5G9579;
				ENABLE_PREVIEWS = YES;
				INFOPLIST_FILE = treehacks/Info.plist;
				IPHONEOS_DEPLOYMENT_TARGET = 14.5;
				LD_RUNPATH_SEARCH_PATHS = (
					"$(inherited)",
					"@executable_path/Frameworks",
				);
				PRODUCT_BUNDLE_IDENTIFIER = koftes.treehacks;
				PRODUCT_NAME = "$(TARGET_NAME)";
				SDKROOT = iphoneos;
				SWIFT_VERSION = 5.0;
				TARGETED_DEVICE_FAMILY = "1,2";
				VALIDATE_PRODUCT = YES;
			};
			name = Release;
		};
		C2F3795E25D8526000A0D22A /* Debug */ = {
			isa = XCBuildConfiguration;
			baseConfigurationReference = B05238754F7DAB84BA765D4D /* Pods-treehacksTests.debug.xcconfig */;
			buildSettings = {
				ALWAYS_EMBED_SWIFT_STANDARD_LIBRARIES = YES;
				BUNDLE_LOADER = "$(TEST_HOST)";
				CODE_SIGN_STYLE = Automatic;
				DEVELOPMENT_TEAM = 8G5W5G9579;
				INFOPLIST_FILE = treehacksTests/Info.plist;
				IPHONEOS_DEPLOYMENT_TARGET = 14.5;
				LD_RUNPATH_SEARCH_PATHS = (
					"$(inherited)",
					"@executable_path/Frameworks",
					"@loader_path/Frameworks",
				);
				PRODUCT_BUNDLE_IDENTIFIER = koftes.treehacksTests;
				PRODUCT_NAME = "$(TARGET_NAME)";
				SDKROOT = iphoneos;
				SWIFT_VERSION = 5.0;
				TARGETED_DEVICE_FAMILY = "1,2";
				TEST_HOST = "$(BUILT_PRODUCTS_DIR)/treehacks.app/treehacks";
			};
			name = Debug;
		};
		C2F3795F25D8526000A0D22A /* Release */ = {
			isa = XCBuildConfiguration;
			baseConfigurationReference = 025184BEAA1C007C21E229FB /* Pods-treehacksTests.release.xcconfig */;
			buildSettings = {
				ALWAYS_EMBED_SWIFT_STANDARD_LIBRARIES = YES;
				BUNDLE_LOADER = "$(TEST_HOST)";
				CODE_SIGN_STYLE = Automatic;
				DEVELOPMENT_TEAM = 8G5W5G9579;
				INFOPLIST_FILE = treehacksTests/Info.plist;
				IPHONEOS_DEPLOYMENT_TARGET = 14.5;
				LD_RUNPATH_SEARCH_PATHS = (
					"$(inherited)",
					"@executable_path/Frameworks",
					"@loader_path/Frameworks",
				);
				PRODUCT_BUNDLE_IDENTIFIER = koftes.treehacksTests;
				PRODUCT_NAME = "$(TARGET_NAME)";
				SDKROOT = iphoneos;
				SWIFT_VERSION = 5.0;
				TARGETED_DEVICE_FAMILY = "1,2";
				TEST_HOST = "$(BUILT_PRODUCTS_DIR)/treehacks.app/treehacks";
				VALIDATE_PRODUCT = YES;
			};
			name = Release;
		};
		C2F3796125D8526000A0D22A /* Debug */ = {
			isa = XCBuildConfiguration;
			baseConfigurationReference = 62C75124B607C838F3EC035A /* Pods-treehacks-treehacksUITests.debug.xcconfig */;
			buildSettings = {
				ALWAYS_EMBED_SWIFT_STANDARD_LIBRARIES = YES;
				CODE_SIGN_STYLE = Automatic;
				DEVELOPMENT_TEAM = 8G5W5G9579;
				INFOPLIST_FILE = treehacksUITests/Info.plist;
				IPHONEOS_DEPLOYMENT_TARGET = 14.5;
				LD_RUNPATH_SEARCH_PATHS = (
					"$(inherited)",
					"@executable_path/Frameworks",
					"@loader_path/Frameworks",
				);
				PRODUCT_BUNDLE_IDENTIFIER = koftes.treehacksUITests;
				PRODUCT_NAME = "$(TARGET_NAME)";
				SDKROOT = iphoneos;
				SWIFT_VERSION = 5.0;
				TARGETED_DEVICE_FAMILY = "1,2";
				TEST_TARGET_NAME = treehacks;
			};
			name = Debug;
		};
		C2F3796225D8526000A0D22A /* Release */ = {
			isa = XCBuildConfiguration;
			baseConfigurationReference = 50F0E455577A9D2E5C8295B8 /* Pods-treehacks-treehacksUITests.release.xcconfig */;
			buildSettings = {
				ALWAYS_EMBED_SWIFT_STANDARD_LIBRARIES = YES;
				CODE_SIGN_STYLE = Automatic;
				DEVELOPMENT_TEAM = 8G5W5G9579;
				INFOPLIST_FILE = treehacksUITests/Info.plist;
				IPHONEOS_DEPLOYMENT_TARGET = 14.5;
				LD_RUNPATH_SEARCH_PATHS = (
					"$(inherited)",
					"@executable_path/Frameworks",
					"@loader_path/Frameworks",
				);
				PRODUCT_BUNDLE_IDENTIFIER = koftes.treehacksUITests;
				PRODUCT_NAME = "$(TARGET_NAME)";
				SDKROOT = iphoneos;
				SWIFT_VERSION = 5.0;
				TARGETED_DEVICE_FAMILY = "1,2";
				TEST_TARGET_NAME = treehacks;
				VALIDATE_PRODUCT = YES;
			};
			name = Release;
		};
		C2F3796425D8526000A0D22A /* Debug */ = {
			isa = XCBuildConfiguration;
			baseConfigurationReference = 298245C0DB7A683C11AA76B1 /* Pods-treehacks WatchKit AppTests.debug.xcconfig */;
			buildSettings = {
				ALWAYS_EMBED_SWIFT_STANDARD_LIBRARIES = YES;
				BUNDLE_LOADER = "$(TEST_HOST)";
				CODE_SIGN_STYLE = Automatic;
				DEVELOPMENT_TEAM = 8G5W5G9579;
				INFOPLIST_FILE = "treehacks WatchKit AppTests/Info.plist";
				LD_RUNPATH_SEARCH_PATHS = (
					"$(inherited)",
					"@executable_path/Frameworks",
					"@loader_path/Frameworks",
				);
				PRODUCT_BUNDLE_IDENTIFIER = "koftes.treehacks-WatchKit-AppTests";
				PRODUCT_NAME = "$(TARGET_NAME)";
				SDKROOT = watchos;
				SWIFT_VERSION = 5.0;
				TARGETED_DEVICE_FAMILY = 4;
				TEST_HOST = "$(BUILT_PRODUCTS_DIR)/treehacks WatchKit Extension.appex/treehacks WatchKit Extension";
				WATCHOS_DEPLOYMENT_TARGET = 7.4;
			};
			name = Debug;
		};
		C2F3796525D8526000A0D22A /* Release */ = {
			isa = XCBuildConfiguration;
			baseConfigurationReference = 8430AF00884764750EC7B9F4 /* Pods-treehacks WatchKit AppTests.release.xcconfig */;
			buildSettings = {
				ALWAYS_EMBED_SWIFT_STANDARD_LIBRARIES = YES;
				BUNDLE_LOADER = "$(TEST_HOST)";
				CODE_SIGN_STYLE = Automatic;
				DEVELOPMENT_TEAM = 8G5W5G9579;
				INFOPLIST_FILE = "treehacks WatchKit AppTests/Info.plist";
				LD_RUNPATH_SEARCH_PATHS = (
					"$(inherited)",
					"@executable_path/Frameworks",
					"@loader_path/Frameworks",
				);
				PRODUCT_BUNDLE_IDENTIFIER = "koftes.treehacks-WatchKit-AppTests";
				PRODUCT_NAME = "$(TARGET_NAME)";
				SDKROOT = watchos;
				SWIFT_VERSION = 5.0;
				TARGETED_DEVICE_FAMILY = 4;
				TEST_HOST = "$(BUILT_PRODUCTS_DIR)/treehacks WatchKit Extension.appex/treehacks WatchKit Extension";
				VALIDATE_PRODUCT = YES;
				WATCHOS_DEPLOYMENT_TARGET = 7.4;
			};
			name = Release;
		};
		C2F3796725D8526000A0D22A /* Debug */ = {
			isa = XCBuildConfiguration;
			baseConfigurationReference = 4D4085456B8E331BCB038788 /* Pods-treehacks-treehacks WatchKit AppUITests.debug.xcconfig */;
			buildSettings = {
				CODE_SIGN_STYLE = Automatic;
				DEVELOPMENT_TEAM = 8G5W5G9579;
				INFOPLIST_FILE = "treehacks WatchKit AppUITests/Info.plist";
				LD_RUNPATH_SEARCH_PATHS = (
					"$(inherited)",
					"@executable_path/Frameworks",
					"@loader_path/Frameworks",
				);
				PRODUCT_BUNDLE_IDENTIFIER = "koftes.treehacks-WatchKit-AppUITests";
				PRODUCT_NAME = "$(TARGET_NAME)";
				SDKROOT = watchos;
				SWIFT_VERSION = 5.0;
				TARGETED_DEVICE_FAMILY = 4;
				TEST_TARGET_NAME = "treehacks WatchKit App";
				WATCHOS_DEPLOYMENT_TARGET = 7.4;
			};
			name = Debug;
		};
		C2F3796825D8526000A0D22A /* Release */ = {
			isa = XCBuildConfiguration;
			baseConfigurationReference = ECF87919066A02518C7A2E13 /* Pods-treehacks-treehacks WatchKit AppUITests.release.xcconfig */;
			buildSettings = {
				CODE_SIGN_STYLE = Automatic;
				DEVELOPMENT_TEAM = 8G5W5G9579;
				INFOPLIST_FILE = "treehacks WatchKit AppUITests/Info.plist";
				LD_RUNPATH_SEARCH_PATHS = (
					"$(inherited)",
					"@executable_path/Frameworks",
					"@loader_path/Frameworks",
				);
				PRODUCT_BUNDLE_IDENTIFIER = "koftes.treehacks-WatchKit-AppUITests";
				PRODUCT_NAME = "$(TARGET_NAME)";
				SDKROOT = watchos;
				SWIFT_VERSION = 5.0;
				TARGETED_DEVICE_FAMILY = 4;
				TEST_TARGET_NAME = "treehacks WatchKit App";
				VALIDATE_PRODUCT = YES;
				WATCHOS_DEPLOYMENT_TARGET = 7.4;
			};
			name = Release;
		};
/* End XCBuildConfiguration section */

/* Begin XCConfigurationList section */
		C2F378EE25D8525700A0D22A /* Build configuration list for PBXProject "treehacks" */ = {
			isa = XCConfigurationList;
			buildConfigurations = (
				C2F3795025D8526000A0D22A /* Debug */,
				C2F3795125D8526000A0D22A /* Release */,
			);
			defaultConfigurationIsVisible = 0;
			defaultConfigurationName = Release;
		};
		C2F3795225D8526000A0D22A /* Build configuration list for PBXNativeTarget "treehacks WatchKit Extension" */ = {
			isa = XCConfigurationList;
			buildConfigurations = (
				C2F3795325D8526000A0D22A /* Debug */,
				C2F3795425D8526000A0D22A /* Release */,
			);
			defaultConfigurationIsVisible = 0;
			defaultConfigurationName = Release;
		};
		C2F3795625D8526000A0D22A /* Build configuration list for PBXNativeTarget "treehacks WatchKit App" */ = {
			isa = XCConfigurationList;
			buildConfigurations = (
				C2F3795725D8526000A0D22A /* Debug */,
				C2F3795825D8526000A0D22A /* Release */,
			);
			defaultConfigurationIsVisible = 0;
			defaultConfigurationName = Release;
		};
		C2F3795A25D8526000A0D22A /* Build configuration list for PBXNativeTarget "treehacks" */ = {
			isa = XCConfigurationList;
			buildConfigurations = (
				C2F3795B25D8526000A0D22A /* Debug */,
				C2F3795C25D8526000A0D22A /* Release */,
			);
			defaultConfigurationIsVisible = 0;
			defaultConfigurationName = Release;
		};
		C2F3795D25D8526000A0D22A /* Build configuration list for PBXNativeTarget "treehacksTests" */ = {
			isa = XCConfigurationList;
			buildConfigurations = (
				C2F3795E25D8526000A0D22A /* Debug */,
				C2F3795F25D8526000A0D22A /* Release */,
			);
			defaultConfigurationIsVisible = 0;
			defaultConfigurationName = Release;
		};
		C2F3796025D8526000A0D22A /* Build configuration list for PBXNativeTarget "treehacksUITests" */ = {
			isa = XCConfigurationList;
			buildConfigurations = (
				C2F3796125D8526000A0D22A /* Debug */,
				C2F3796225D8526000A0D22A /* Release */,
			);
			defaultConfigurationIsVisible = 0;
			defaultConfigurationName = Release;
		};
		C2F3796325D8526000A0D22A /* Build configuration list for PBXNativeTarget "treehacks WatchKit AppTests" */ = {
			isa = XCConfigurationList;
			buildConfigurations = (
				C2F3796425D8526000A0D22A /* Debug */,
				C2F3796525D8526000A0D22A /* Release */,
			);
			defaultConfigurationIsVisible = 0;
			defaultConfigurationName = Release;
		};
		C2F3796625D8526000A0D22A /* Build configuration list for PBXNativeTarget "treehacks WatchKit AppUITests" */ = {
			isa = XCConfigurationList;
			buildConfigurations = (
				C2F3796725D8526000A0D22A /* Debug */,
				C2F3796825D8526000A0D22A /* Release */,
			);
			defaultConfigurationIsVisible = 0;
			defaultConfigurationName = Release;
		};
/* End XCConfigurationList section */
	};
	rootObject = C2F378EB25D8525700A0D22A /* Project object */;
}
